{
  "version": "2",
  "remote": {
    "https://deno.land/std@0.150.0/_util/assert.ts": "e94f2eb37cebd7f199952e242c77654e43333c1ac4c5c700e929ea3aa5489f74",
    "https://deno.land/std@0.150.0/_util/os.ts": "3b4c6e27febd119d36a416d7a97bd3b0251b77c88942c8f16ee5953ea13e2e49",
    "https://deno.land/std@0.150.0/async/abortable.ts": "87aa7230be8360c24ad437212311c9e8d4328854baec27b4c7abb26e85515c06",
    "https://deno.land/std@0.150.0/async/deadline.ts": "48ac998d7564969f3e6ec6b6f9bf0217ebd00239b1b2292feba61272d5dd58d0",
    "https://deno.land/std@0.150.0/async/debounce.ts": "564273ef242bcfcda19a439132f940db8694173abffc159ea34f07d18fc42620",
    "https://deno.land/std@0.150.0/async/deferred.ts": "bc18e28108252c9f67dfca2bbc4587c3cbf3aeb6e155f8c864ca8ecff992b98a",
    "https://deno.land/std@0.150.0/async/delay.ts": "cbbdf1c87d1aed8edc7bae13592fb3e27e3106e0748f089c263390d4f49e5f6c",
    "https://deno.land/std@0.150.0/async/mod.ts": "9852cd8ed897ab2d41a8fbee611d574e97898327db5c19d9d58e41126473f02c",
    "https://deno.land/std@0.150.0/async/mux_async_iterator.ts": "5b4aca6781ad0f2e19ccdf1d1a1c092ccd3e00d52050d9c27c772658c8367256",
    "https://deno.land/std@0.150.0/async/pool.ts": "ef9eb97b388543acbf0ac32647121e4dbe629236899586c4d4311a8770fbb239",
    "https://deno.land/std@0.150.0/async/tee.ts": "bcfae0017ebb718cf4eef9e2420e8675d91cb1bcc0ed9b668681af6e6caad846",
    "https://deno.land/std@0.150.0/flags/mod.ts": "594472736e24b2f2afd3451cf7ccd58a21706ce91006478a544fdfa056c69697",
    "https://deno.land/std@0.150.0/fs/_util.ts": "2cf50bfb1081c2d5f2efec10ac19abbc2baf478e51cd1b057d0da2f30585b6ba",
    "https://deno.land/std@0.150.0/fs/walk.ts": "6ce8d87fbaeda23383e979599ad27f3f94b3e5ff0c0cd976b5fc5c2aa0df7d92",
    "https://deno.land/std@0.150.0/http/http_status.ts": "897575a7d6bc2b9123f6a38ecbc0f03d95a532c5d92029315dc9f508e12526b8",
    "https://deno.land/std@0.150.0/http/server.ts": "0b0a9f3abfcfecead944b31ee9098a0c11a59b0495bf873ee200eb80e7441483",
    "https://deno.land/std@0.150.0/media_types/_util.ts": "ce9b4fc4ba1c447dafab619055e20fd88236ca6bdd7834a21f98bd193c3fbfa1",
    "https://deno.land/std@0.150.0/media_types/mod.ts": "2d4b6f32a087029272dc59e0a55ae3cc4d1b27b794ccf528e94b1925795b3118",
    "https://deno.land/std@0.150.0/media_types/vendor/mime-db.v1.52.0.ts": "724cee25fa40f1a52d3937d6b4fbbfdd7791ff55e1b7ac08d9319d5632c7f5af",
    "https://deno.land/std@0.150.0/path/_constants.ts": "df1db3ffa6dd6d1252cc9617e5d72165cd2483df90e93833e13580687b6083c3",
    "https://deno.land/std@0.150.0/path/_interface.ts": "ee3b431a336b80cf445441109d089b70d87d5e248f4f90ff906820889ecf8d09",
    "https://deno.land/std@0.150.0/path/_util.ts": "c1e9686d0164e29f7d880b2158971d805b6e0efc3110d0b3e24e4b8af2190d2b",
    "https://deno.land/std@0.150.0/path/common.ts": "bee563630abd2d97f99d83c96c2fa0cca7cee103e8cb4e7699ec4d5db7bd2633",
    "https://deno.land/std@0.150.0/path/glob.ts": "cb5255638de1048973c3e69e420c77dc04f75755524cb3b2e160fe9277d939ee",
    "https://deno.land/std@0.150.0/path/mod.ts": "4945b430b759b0b3d98f2a278542cbcf95e0ad2bd8eaaed3c67322b306b2b346",
    "https://deno.land/std@0.150.0/path/posix.ts": "c1f7afe274290ea0b51da07ee205653b2964bd74909a82deb07b69a6cc383aaa",
    "https://deno.land/std@0.150.0/path/separator.ts": "fe1816cb765a8068afb3e8f13ad272351c85cbc739af56dacfc7d93d710fe0f9",
    "https://deno.land/std@0.150.0/path/win32.ts": "bd7549042e37879c68ff2f8576a25950abbfca1d696d41d82c7bca0b7e6f452c",
    "https://deno.land/std@0.150.0/semver/mod.ts": "4a5195fa81b4aede8875a386550a1119f01fb58d74aea899b2cfb136c05a7310",
    "https://deno.land/x/denoflate@1.2.1/mod.ts": "f5628e44b80b3d80ed525afa2ba0f12408e3849db817d47a883b801f9ce69dd6",
    "https://deno.land/x/denoflate@1.2.1/pkg/denoflate.js": "b9f9ad9457d3f12f28b1fb35c555f57443427f74decb403113d67364e4f2caf4",
    "https://deno.land/x/denoflate@1.2.1/pkg/denoflate_bg.wasm.js": "d581956245407a2115a3d7e8d85a9641c032940a8e810acbd59ca86afd34d44d",
    "https://deno.land/x/esbuild@v0.14.51/mod.js": "7432566c71fac77637822dc230319c7392a2d2fef51204c9d12c956d7093c279",
    "https://deno.land/x/esbuild@v0.14.51/wasm.js": "afc1b6927543b664af60ce452c4929e5dc2bb9a0f4ed47b446a6431847c7598e",
    "https://deno.land/x/esbuild_deno_loader@0.5.2/deps.ts": "bf83c27b7787b2f245fa0bc0b99f5041aa949c000a81c016cfe828d06b476d37",
    "https://deno.land/x/esbuild_deno_loader@0.5.2/mod.ts": "bc111a68f323dbdb6edec68dd558ab732b27866d2ef304708872d763387b65d7",
    "https://deno.land/x/esbuild_deno_loader@0.5.2/src/deno.ts": "0e83ccabbe2b004389288e38df2031b79eb347df2d139fce9394d8e88a11f259",
    "https://deno.land/x/esbuild_deno_loader@0.5.2/src/native_loader.ts": "343854a566cf510cf25144f7c09fc0c1097780a31830305142a075d12bb697ba",
    "https://deno.land/x/esbuild_deno_loader@0.5.2/src/portable_loader.ts": "35b6c526eed8c2c781a3256b23c30aa7cce69c0ef1d583c15528663287ba18a3",
    "https://deno.land/x/esbuild_deno_loader@0.5.2/src/shared.ts": "b64749cd8c0f6252a11498bd8758ef1220003e46b2c9b68e16da63fd7e92b13a",
    "https://deno.land/x/importmap@0.2.1/_util.ts": "ada9a9618b537e6c0316c048a898352396c882b9f2de38aba18fd3f2950ede89",
    "https://deno.land/x/importmap@0.2.1/mod.ts": "ae3d1cd7eabd18c01a4960d57db471126b020f23b37ef14e1359bbb949227ade",
    "https://deno.land/x/rutt@0.0.13/mod.ts": "af981cfb95131152bf50fc9140fc00cb3efb6563df2eded1d408361d8577df20",
    "https://esm.sh/*preact-render-to-string@5.2.0": "fe7a7c43fcbd2532173a42c6b577b53d2551842657b7208c70a408032d69b37c",
    "https://esm.sh/preact@10.10.6": "3797eacd827278d2601acc8c9da07da1df226113a5e0f5ff54055ffb9dcf4bf4",
    "https://esm.sh/preact@10.10.6/hooks": "92a7bf4e4fa9cbfd406ae6effefd9a6406b339495cbf919ef50d63288b429772",
    "https://esm.sh/preact@10.10.6/jsx-runtime": "cb34e30f437a2d80b0605b192f581d5a559b577fed4d4ccef77f035e6f50077a",
    "https://esm.sh/stable/preact@10.10.6/deno/hooks.js": "c7c21ae16e7e2a300ef23843b84f6e72bb118ce5b0cc746340fbcfd262b3ac70",
    "https://esm.sh/stable/preact@10.10.6/deno/jsx-runtime.js": "4c65a8d13d49d059914b625814138804ca2814bcdd35e3fd4cd7f66091236bbc",
    "https://esm.sh/stable/preact@10.10.6/deno/preact.js": "e0d155b4926e5b1f4dce9b9efea9f8c65edb7587b3b7a4ebd5d339474cf61e20",
    "https://esm.sh/twind@0.16.17": "1b1c7b575fa74d2f25b2b72b73da5d680393fcba0255ec5e9537c097d363df69",
    "https://esm.sh/twind@0.16.17/css": "41f743fc04d69617aa91fe0c4205d2ae8f50079ba0ea6d4663cc786d483664fa",
    "https://esm.sh/twind@0.16.17/sheets": "8709c76c5b0601b3e31d181720d3238a5482f51f48ca3e583964cf7ca2f4d701",
    "https://esm.sh/v92/style-vendorizer@2.2.3/deno/style-vendorizer.js": "bacdb96f034bbdae11a8d90427a6d49270d28d5939f02dbf0e7d0e52491ff9e3",
    "https://esm.sh/v92/twind@0.16.17/deno/sheets.js": "f75586c3a778278f99ca9e6761e8c8a2089c66d6a503bb25e3bba38597fe1e30",
    "https://esm.sh/v92/twind@0.16.17/deno/twind.js": "daef061e4bfa2f6bcc0aec4e243b7092ef24e52957fbac25dd22240e751e932d",
    "https://esm.sh/v94/style-vendorizer@2.2.3/deno/style-vendorizer.js": "bacdb96f034bbdae11a8d90427a6d49270d28d5939f02dbf0e7d0e52491ff9e3",
    "https://esm.sh/v94/twind@0.16.17/deno/css.js": "917d960cf94713ed891fad834a48898ba1c0a975affc2bac8de1649049be86d4",
    "https://esm.sh/v94/twind@0.16.17/deno/twind.js": "e9eedc9ad34213fdd517a239b55749d97d32f14915372964443a05df8482f713",
    "https://esm.sh/v98/preact-render-to-string@5.2.0/X-ZS8q/deno/preact-render-to-string.js": "33d5be0b577a54fc9337a3dec7038bf8c7bf5563bb97fe761e7314345dab7909",
    "https://raw.githubusercontent.com/denoland/fresh/b12867a5823a338b318b14f1b6e399e61064dce9/dev.ts": "a66c7d64be35bcd6a8e12eec9c27ae335044c70363a241f2e36ee776db468622",
    "https://raw.githubusercontent.com/denoland/fresh/b12867a5823a338b318b14f1b6e399e61064dce9/plugins/twind.ts": "8acf32d39ae95ef788afbb20a7f256dd1d42158bff0e552647cf68f90dbd504b",
    "https://raw.githubusercontent.com/denoland/fresh/b12867a5823a338b318b14f1b6e399e61064dce9/plugins/twind/shared.ts": "d1c0fe095a263a482519ea97fbff7da2e2d692c399efeb6580e602b6c5fe967d",
    "https://raw.githubusercontent.com/denoland/fresh/b12867a5823a338b318b14f1b6e399e61064dce9/runtime.ts": "b02ec1e2e32cf73a33d262b7c9dcab9468ce16cd89fd424196c71003698a4ab0",
    "https://raw.githubusercontent.com/denoland/fresh/b12867a5823a338b318b14f1b6e399e61064dce9/server.ts": "f379c9aad24471a71e58fb887fa57e5cc27ad9df035987eb260541c78df38e84",
    "https://raw.githubusercontent.com/denoland/fresh/b12867a5823a338b318b14f1b6e399e61064dce9/src/dev/deps.ts": "f8c9535688ab63f6cd5bd8477f5f0a665b7baab3e3bda343e6d824b1521eed4d",
    "https://raw.githubusercontent.com/denoland/fresh/b12867a5823a338b318b14f1b6e399e61064dce9/src/dev/error.ts": "21a38d240c00279662e6adde41367f1da0ae7e2836d993f818ea94aabab53e7b",
    "https://raw.githubusercontent.com/denoland/fresh/b12867a5823a338b318b14f1b6e399e61064dce9/src/dev/mod.ts": "f5836b2eccd0efd7c0a726a121f174a974daefc22058f759f07d4df56c46e978",
    "https://raw.githubusercontent.com/denoland/fresh/b12867a5823a338b318b14f1b6e399e61064dce9/src/runtime/csp.ts": "9ee900e9b0b786057b1009da5976298c202d1b86d1f1e4d2510bde5f06530ac9",
    "https://raw.githubusercontent.com/denoland/fresh/b12867a5823a338b318b14f1b6e399e61064dce9/src/runtime/head.ts": "0f9932874497ab6e57ed1ba01d549e843523df4a5d36ef97460e7a43e3132fdc",
    "https://raw.githubusercontent.com/denoland/fresh/b12867a5823a338b318b14f1b6e399e61064dce9/src/runtime/utils.ts": "8320a874a44bdd5905c7d4b87a0e7a14a6c50a2ed133800e72ae57341e4d4faa",
    "https://raw.githubusercontent.com/denoland/fresh/b12867a5823a338b318b14f1b6e399e61064dce9/src/server/bundle.ts": "c48ac0c7f259aa7ffc87de0398975d74fa6491358655fbbaf37372da66a7a7c2",
    "https://raw.githubusercontent.com/denoland/fresh/b12867a5823a338b318b14f1b6e399e61064dce9/src/server/constants.ts": "ad10dda1bc20c25c2926f6a8cfd79ef4368d70b4b03a645f65c04b3fa7d93a8c",
    "https://raw.githubusercontent.com/denoland/fresh/b12867a5823a338b318b14f1b6e399e61064dce9/src/server/context.ts": "2e4f21aa2a172f1fc940b8bb392a0aa8e6cd1297045f672d3a5c69927e4d0a28",
    "https://raw.githubusercontent.com/denoland/fresh/b12867a5823a338b318b14f1b6e399e61064dce9/src/server/default_error_page.ts": "1155ac98b3729bf2e51be730af507e431db0ee43ac84c86f1c022a831b310106",
    "https://raw.githubusercontent.com/denoland/fresh/b12867a5823a338b318b14f1b6e399e61064dce9/src/server/deps.ts": "1c4e05b7d6e4eecc0012c9ec30ee587d8f533ab67c2bcb59048ed5f76841a770",
    "https://raw.githubusercontent.com/denoland/fresh/b12867a5823a338b318b14f1b6e399e61064dce9/src/server/mod.ts": "bd0da8086f24d3428a2cdfcfa27a01c7b643f45ba9fdebcf9f3d91e9ff581113",
    "https://raw.githubusercontent.com/denoland/fresh/b12867a5823a338b318b14f1b6e399e61064dce9/src/server/render.ts": "3763d36c382fe896c704f4a087a4c00974e8ccbcc937d267d23bce915e7292c7",
    "https://raw.githubusercontent.com/denoland/fresh/b12867a5823a338b318b14f1b6e399e61064dce9/src/server/types.ts": "05227418ca0403cb899a6bb58941d2676e9a1155b725f19a40212ce9c1d818c3"
  }
}
