{
  "version": "4",
  "remote": {
    "https://deno.land/std@0.150.0/_util/assert.ts": "e94f2eb37cebd7f199952e242c77654e43333c1ac4c5c700e929ea3aa5489f74",
    "https://deno.land/std@0.150.0/_util/os.ts": "3b4c6e27febd119d36a416d7a97bd3b0251b77c88942c8f16ee5953ea13e2e49",
    "https://deno.land/std@0.150.0/flags/mod.ts": "594472736e24b2f2afd3451cf7ccd58a21706ce91006478a544fdfa056c69697",
    "https://deno.land/std@0.150.0/fs/_util.ts": "2cf50bfb1081c2d5f2efec10ac19abbc2baf478e51cd1b057d0da2f30585b6ba",
    "https://deno.land/std@0.150.0/fs/walk.ts": "6ce8d87fbaeda23383e979599ad27f3f94b3e5ff0c0cd976b5fc5c2aa0df7d92",
    "https://deno.land/std@0.150.0/path/_constants.ts": "df1db3ffa6dd6d1252cc9617e5d72165cd2483df90e93833e13580687b6083c3",
    "https://deno.land/std@0.150.0/path/_interface.ts": "ee3b431a336b80cf445441109d089b70d87d5e248f4f90ff906820889ecf8d09",
    "https://deno.land/std@0.150.0/path/_util.ts": "c1e9686d0164e29f7d880b2158971d805b6e0efc3110d0b3e24e4b8af2190d2b",
    "https://deno.land/std@0.150.0/path/common.ts": "bee563630abd2d97f99d83c96c2fa0cca7cee103e8cb4e7699ec4d5db7bd2633",
    "https://deno.land/std@0.150.0/path/glob.ts": "cb5255638de1048973c3e69e420c77dc04f75755524cb3b2e160fe9277d939ee",
    "https://deno.land/std@0.150.0/path/mod.ts": "4945b430b759b0b3d98f2a278542cbcf95e0ad2bd8eaaed3c67322b306b2b346",
    "https://deno.land/std@0.150.0/path/posix.ts": "c1f7afe274290ea0b51da07ee205653b2964bd74909a82deb07b69a6cc383aaa",
    "https://deno.land/std@0.150.0/path/separator.ts": "fe1816cb765a8068afb3e8f13ad272351c85cbc739af56dacfc7d93d710fe0f9",
    "https://deno.land/std@0.150.0/path/win32.ts": "bd7549042e37879c68ff2f8576a25950abbfca1d696d41d82c7bca0b7e6f452c",
    "https://deno.land/std@0.150.0/semver/mod.ts": "4a5195fa81b4aede8875a386550a1119f01fb58d74aea899b2cfb136c05a7310",
    "https://esm.sh/preact@10.10.6/denonext/jsx-runtime.mjs": "d15688e99bfbb8bcc74765576843e9ba5a48c021e191fded767bf373388b395f",
    "https://esm.sh/preact@10.10.6/denonext/preact.mjs": "faed151e239af5a78b535bbef420f14da067eee75418f2dff3443d7649e879e5",
    "https://esm.sh/preact@10.10.6/jsx-runtime": "2463127d183ef10113aa4de19dd6eca1a60d7a91d226cad7581f2485589c6e05",
    "https://raw.githubusercontent.com/denoland/fresh/b12867a5823a338b318b14f1b6e399e61064dce9/dev.ts": "a66c7d64be35bcd6a8e12eec9c27ae335044c70363a241f2e36ee776db468622",
    "https://raw.githubusercontent.com/denoland/fresh/b12867a5823a338b318b14f1b6e399e61064dce9/src/dev/deps.ts": "f8c9535688ab63f6cd5bd8477f5f0a665b7baab3e3bda343e6d824b1521eed4d",
    "https://raw.githubusercontent.com/denoland/fresh/b12867a5823a338b318b14f1b6e399e61064dce9/src/dev/error.ts": "21a38d240c00279662e6adde41367f1da0ae7e2836d993f818ea94aabab53e7b",
    "https://raw.githubusercontent.com/denoland/fresh/b12867a5823a338b318b14f1b6e399e61064dce9/src/dev/mod.ts": "f5836b2eccd0efd7c0a726a121f174a974daefc22058f759f07d4df56c46e978"
  }
}
